
Microsoft Visual Studio Solution File, Format Version 12.00
# Visual Studio Version 17
VisualStudioVersion = 17.8.34330.188
MinimumVisualStudioVersion = 10.0.40219.1
Project("{F184B08F-C81C-45F6-A57F-5ABD9991F28F}") = "MyFirstActivity", "MyFirstActivity\MyFirstActivity.vbproj", "{17DF7DA9-5697-4B27-A758-2902C240CBAA}"
EndProject
Global
	GlobalSection(SolutionConfigurationPlatforms) = preSolution
		Debug|Any CPU = Debug|Any CPU
		Release|Any CPU = Release|Any CPU
	EndGlobalSection
	GlobalSection(ProjectConfigurationPlatforms) = postSolution
		{17DF7DA9-5697-4B27-A758-2902C240CBAA}.Debug|Any CPU.ActiveCfg = Debug|Any CPU
		{17DF7DA9-5697-4B27-A758-2902C240CBAA}.Debug|Any CPU.Build.0 = Debug|Any CPU
		{17DF7DA9-5697-4B27-A758-2902C240CBAA}.Release|Any CPU.ActiveCfg = Release|Any CPU
		{17DF7DA9-5697-4B27-A758-2902C240CBAA}.Release|Any CPU.Build.0 = Release|Any CPU
	EndGlobalSection
	GlobalSection(SolutionProperties) = preSolution
		HideSolutionNode = FALSE
	EndGlobalSection
	GlobalSection(ExtensibilityGlobals) = postSolution
		SolutionGuid = {5FDAFFBB-68AD-4845-AF91-B8A780C3BA17}
	EndGlobalSection
EndGlobal
