
Microsoft Visual Studio Solution File, Format Version 12.00
# Visual Studio Version 17
VisualStudioVersion = 17.8.34330.188
MinimumVisualStudioVersion = 10.0.40219.1
Project("{F184B08F-C81C-45F6-A57F-5ABD9991F28F}") = "TesteGitVS", "TesteGitVS\TesteGitVS.vbproj", "{77731206-23F4-45E9-9A6E-AB545EF895AB}"
EndProject
Global
	GlobalSection(SolutionConfigurationPlatforms) = preSolution
		Debug|Any CPU = Debug|Any CPU
		Release|Any CPU = Release|Any CPU
	EndGlobalSection
	GlobalSection(ProjectConfigurationPlatforms) = postSolution
		{77731206-23F4-45E9-9A6E-AB545EF895AB}.Debug|Any CPU.ActiveCfg = Debug|Any CPU
		{77731206-23F4-45E9-9A6E-AB545EF895AB}.Debug|Any CPU.Build.0 = Debug|Any CPU
		{77731206-23F4-45E9-9A6E-AB545EF895AB}.Release|Any CPU.ActiveCfg = Release|Any CPU
		{77731206-23F4-45E9-9A6E-AB545EF895AB}.Release|Any CPU.Build.0 = Release|Any CPU
	EndGlobalSection
	GlobalSection(SolutionProperties) = preSolution
		HideSolutionNode = FALSE
	EndGlobalSection
	GlobalSection(ExtensibilityGlobals) = postSolution
		SolutionGuid = {9DD980EE-EC6A-4040-9836-ECC3A28320DA}
	EndGlobalSection
EndGlobal
